
Microsoft Visual Studio Solution File, Format Version 12.00
# Visual Studio Version 17
VisualStudioVersion = 17.5.33530.505
MinimumVisualStudioVersion = 10.0.40219.1
Project("{FAE04EC0-301F-11D3-BF4B-00C04F79EFBC}") = "para casa", "para casa\para casa.csproj", "{06C9E36E-53D7-4A0D-B59A-F6FD90201BB8}"
EndProject
Global
	GlobalSection(SolutionConfigurationPlatforms) = preSolution
		Debug|Any CPU = Debug|Any CPU
		Release|Any CPU = Release|Any CPU
	EndGlobalSection
	GlobalSection(ProjectConfigurationPlatforms) = postSolution
		{06C9E36E-53D7-4A0D-B59A-F6FD90201BB8}.Debug|Any CPU.ActiveCfg = Debug|Any CPU
		{06C9E36E-53D7-4A0D-B59A-F6FD90201BB8}.Debug|Any CPU.Build.0 = Debug|Any CPU
		{06C9E36E-53D7-4A0D-B59A-F6FD90201BB8}.Release|Any CPU.ActiveCfg = Release|Any CPU
		{06C9E36E-53D7-4A0D-B59A-F6FD90201BB8}.Release|Any CPU.Build.0 = Release|Any CPU
	EndGlobalSection
	GlobalSection(SolutionProperties) = preSolution
		HideSolutionNode = FALSE
	EndGlobalSection
	GlobalSection(ExtensibilityGlobals) = postSolution
		SolutionGuid = {26E1B50F-A743-46BB-AFF0-6065F908FD35}
	EndGlobalSection
EndGlobal
